
Microsoft Visual Studio Solution File, Format Version 12.00
# Visual Studio Version 16
VisualStudioVersion = 16.0.30011.22
MinimumVisualStudioVersion = 10.0.40219.1
Project("{FAE04EC0-301F-11D3-BF4B-00C04F79EFBC}") = "SimpleBanking", "SimpleБanking\SimpleBanking.csproj", "{EAEEBD12-780D-4707-8579-1B54C1CC7D92}"
EndProject
Global
	GlobalSection(SolutionConfigurationPlatforms) = preSolution
		Debug|Any CPU = Debug|Any CPU
		Release|Any CPU = Release|Any CPU
	EndGlobalSection
	GlobalSection(ProjectConfigurationPlatforms) = postSolution
		{EAEEBD12-780D-4707-8579-1B54C1CC7D92}.Debug|Any CPU.ActiveCfg = Debug|Any CPU
		{EAEEBD12-780D-4707-8579-1B54C1CC7D92}.Debug|Any CPU.Build.0 = Debug|Any CPU
		{EAEEBD12-780D-4707-8579-1B54C1CC7D92}.Release|Any CPU.ActiveCfg = Release|Any CPU
		{EAEEBD12-780D-4707-8579-1B54C1CC7D92}.Release|Any CPU.Build.0 = Release|Any CPU
	EndGlobalSection
	GlobalSection(SolutionProperties) = preSolution
		HideSolutionNode = FALSE
	EndGlobalSection
	GlobalSection(ExtensibilityGlobals) = postSolution
		SolutionGuid = {CF8CCF98-9B25-4554-9EF0-AE8B3FC663F7}
	EndGlobalSection
EndGlobal
